{
  "dependencies": {},
  "downloads": {
    "https://go.dev/dl/go1.24.12.linux-amd64.tar.gz": {
      "type": "sha256",
      "value": "bddf8e653c82429aea7aec2520774e79925d4bb929fe20e67ecc00dd5af44c50"
    },
    "https://go.dev/dl/go1.24.12.linux-arm64.tar.gz": {
      "type": "sha256",
      "value": "4e02e2979e53b40f3666bba9f7e5ea0b99ea5156e0824b343fd054742c25498d"
    },
    "https://go.dev/dl/go1.25.6.linux-amd64.tar.gz": {
      "type": "sha256",
      "value": "f022b6aad78e362bcba9b0b94d09ad58c5a70c6ba3b7582905fababf5fe0181a"
    },
    "https://go.dev/dl/go1.25.6.linux-arm64.tar.gz": {
      "type": "sha256",
      "value": "738ef87d79c34272424ccdf83302b7b0300b8b096ed443896089306117943dd5"
    }
  }
}
