{
  "dependencies": {},
  "downloads": {
    "https://go.dev/dl/go1.25.0.linux-amd64.tar.gz": {
      "type": "sha256",
      "value": "2852af0cb20a13139b3448992e69b868e50ed0f8a1e5940ee1de9e19a123b613"
    },
    "https://go.dev/dl/go1.25.0.linux-arm64.tar.gz": {
      "type": "sha256",
      "value": "05de75d6994a2783699815ee553bd5a9327d8b79991de36e38b66862782f54ae"
    }
  }
}
