{
  "dependencies": {},
  "downloads": {
    "https://proxy.golang.org/github.com/vulsio/gost/@v/v0.7.2.info": {
      "type": "sha256",
      "value": "ad79f7d6b7920d817d6b4501f6eb5d0bef790a277218951e28efc25735b3d631"
    },
    "https://proxy.golang.org/github.com/vulsio/gost/@v/v0.7.2.zip": {
      "type": "sha256",
      "value": "1536449507005c738b36690f4d367c480b014197d4e6dc491ccb7aad442d76bf"
    }
  }
}
