{
  "dependencies": {},
  "downloads": {
    "https://proxy.golang.org/github.com/!gaurav-!gosain/tuios/@v/v0.7.0.info": {
      "type": "sha256",
      "value": "ccca494ff49240c20caf651397b2bae07eccc66848fc016d2c4dc976ce420ba8"
    },
    "https://proxy.golang.org/github.com/!gaurav-!gosain/tuios/@v/v0.7.0.zip": {
      "type": "sha256",
      "value": "1d6b783d62a18d2dde7dbf002caf5dc648f84287f8308ded65ed98bb777bc531"
    }
  }
}
