{
  "dependencies": {},
  "downloads": {
    "https://proxy.golang.org/github.com/!gaurav-!gosain/tuios/@v/v0.5.1.info": {
      "type": "sha256",
      "value": "71d4b2a1ab222cf8f0148c1a12799bfcfc453cf2b80ba336860453539035ccc6"
    },
    "https://proxy.golang.org/github.com/!gaurav-!gosain/tuios/@v/v0.5.1.zip": {
      "type": "sha256",
      "value": "1a6c08a1b206e970e9e81ccc51a7b02cb32f690c012c05baf54a361efa274119"
    }
  }
}
