{
  "dependencies": {},
  "downloads": {
    "https://proxy.golang.org/github.com/!gaurav-!gosain/tuios/@v/v0.4.3.info": {
      "type": "sha256",
      "value": "7743b0ba86acfac17df58482b88fcc8655728848a419b049b978ffbf4abaaf02"
    },
    "https://proxy.golang.org/github.com/!gaurav-!gosain/tuios/@v/v0.4.3.zip": {
      "type": "sha256",
      "value": "0fad9e41326720d89d0892c420e4e97adcf0187e8801c7206fec92f70e5b1426"
    }
  }
}
