{
  "dependencies": {},
  "downloads": {
    "https://proxy.golang.org/github.com/danielmiessler/fabric/@v/v1.4.345.info": {
      "type": "sha256",
      "value": "c4f32b8000e892b80e7443835bd4cdbc3537787a02213e49f49bdd61f57bf6b8"
    },
    "https://proxy.golang.org/github.com/danielmiessler/fabric/@v/v1.4.345.zip": {
      "type": "sha256",
      "value": "af9ac3c3b9ecce2b46c1a2aee9779ced90de06d10258a3038c847f75cafce603"
    }
  }
}
