{
  "dependencies": {},
  "downloads": {
    "https://proxy.golang.org/github.com/danielmiessler/fabric/@v/v1.4.445.info": {
      "type": "sha256",
      "value": "78c1cc15da7644162e70e689ce827e62c9c515308fa0c42218fc2974a1c150fe"
    },
    "https://proxy.golang.org/github.com/danielmiessler/fabric/@v/v1.4.445.zip": {
      "type": "sha256",
      "value": "9463f4e32b573bf5dacb209836618e7aa604c1a29c9beeb2594a2d99b803f83a"
    }
  }
}
