{
  "dependencies": {},
  "downloads": {
    "https://proxy.golang.org/github.com/danielmiessler/fabric/@v/v1.4.455.info": {
      "type": "sha256",
      "value": "14705a535f9ce805ae3f364bf0cd62bde45ec575ade9eff9a955f504cdee9b61"
    },
    "https://proxy.golang.org/github.com/danielmiessler/fabric/@v/v1.4.455.zip": {
      "type": "sha256",
      "value": "abce888a56fa71c3213ff75ed42afa7b5ce4e16b2cff2c4b00f78ec7f4bbb309"
    }
  }
}
