{
  "dependencies": {},
  "downloads": {
    "https://www.python.org/ftp/python/3.12.12/Python-3.12.12.tar.xz": {
      "type": "sha256",
      "value": "fb85a13414b028c49ba18bbd523c2d055a30b56b18b92ce454ea2c51edc656c4"
    },
    "https://www.python.org/ftp/python/3.13.12/Python-3.13.12.tar.xz": {
      "type": "sha256",
      "value": "2a84cd31dd8d8ea8aaff75de66fc1b4b0127dd5799aa50a64ae9a313885b4593"
    },
    "https://www.python.org/ftp/python/3.14.3/Python-3.14.3.tar.xz": {
      "type": "sha256",
      "value": "a97d5549e9ad81fe17159ed02c68774ad5d266c72f8d9a0b5a9c371fe85d902b"
    }
  }
}
