{
  "dependencies": {},
  "downloads": {
    "https://www.python.org/ftp/python/3.12.11/Python-3.12.11.tar.xz": {
      "type": "sha256",
      "value": "c30bb24b7f1e9a19b11b55a546434f74e739bb4c271a3e3a80ff4380d49f7adb"
    },
    "https://www.python.org/ftp/python/3.13.7/Python-3.13.7.tar.xz": {
      "type": "sha256",
      "value": "5462f9099dfd30e238def83c71d91897d8caa5ff6ebc7a50f14d4802cdaaa79a"
    }
  }
}
