{
  "dependencies": {},
  "downloads": {
    "https://proxy.golang.org/github.com/hashicorp/terraform-mcp-server/@v/v0.5.2.info": {
      "type": "sha256",
      "value": "1f1fcc24caac5034c1e686d45cd53b7c7a13440e77b7dd7481bec5d84388c478"
    },
    "https://proxy.golang.org/github.com/hashicorp/terraform-mcp-server/@v/v0.5.2.zip": {
      "type": "sha256",
      "value": "3e9242a04bf6faf79d2b683ddb5d16ecef68c357816533d00cd792f5207ec81f"
    }
  }
}
