{
  "dependencies": {},
  "downloads": {
    "https://github.com/openssl/openssl/releases/download/openssl-3.6.3/openssl-3.6.3.tar.gz": {
      "type": "sha256",
      "value": "243a86649cf6f23eeb6a2ff2456e09e5d77dd9018a54d3d96b0c6bdd6ba6c7f1"
    },
    "https://github.com/openssl/openssl/releases/download/openssl-4.0.1/openssl-4.0.1.tar.gz": {
      "type": "sha256",
      "value": "2db3f3a0d6ea4b59e1f094ace2c8cd536dffb87cdc39084c5afa1e6f7f37dd09"
    }
  }
}
