{
  "dependencies": {},
  "downloads": {
    "https://proxy.golang.org/github.com/f1bonacc1/process-compose/@v/v1.87.0.info": {
      "type": "sha256",
      "value": "400b199d64046908ca222dfaf399b2dbf606713f8973bc9f37e1511d073ab65e"
    },
    "https://proxy.golang.org/github.com/f1bonacc1/process-compose/@v/v1.87.0.zip": {
      "type": "sha256",
      "value": "457ec22cfc436e3ecde616a9e071dcb8628aabb9cde133bbb4423a4c57bc587f"
    }
  }
}
