{
  "dependencies": {},
  "downloads": {
    "https://proxy.golang.org/github.com/f1bonacc1/process-compose/@v/v1.78.0.info": {
      "type": "sha256",
      "value": "4e4ce3ff4cedc3ae832ed4600295c03b8cebc3eddc5493f02a3b1febfc544693"
    },
    "https://proxy.golang.org/github.com/f1bonacc1/process-compose/@v/v1.78.0.zip": {
      "type": "sha256",
      "value": "d35b49c1936157aaf64065cc742f2ff810fc250c17e0bc15e10c610bdcc798cb"
    }
  }
}
