{
  "dependencies": {},
  "downloads": {
    "https://proxy.golang.org/github.com/junegunn/fzf/@v/v0.71.0.info": {
      "type": "sha256",
      "value": "e4004c68a8b268ede965aac8286460f59be05931c100fce9283c4c4ac8cf3520"
    },
    "https://proxy.golang.org/github.com/junegunn/fzf/@v/v0.71.0.zip": {
      "type": "sha256",
      "value": "14f5b6235659a5a66da425d12506cf167f66d2012ace5fbf2271b8332859d2a6"
    }
  }
}
