{
  "dependencies": {},
  "downloads": {
    "https://proxy.golang.org/github.com/junegunn/fzf/@v/v0.74.4.info": {
      "type": "sha256",
      "value": "b202138ff944f27d83c07bd466be2eb8e3a8a19a2683a4ced1d06cbe7d3ab870"
    },
    "https://proxy.golang.org/github.com/junegunn/fzf/@v/v0.74.4.zip": {
      "type": "sha256",
      "value": "ee855d29223280db7ec936ca4708d71b2f072ac40cd6080bdd9cc7033c84470c"
    }
  }
}
