{
  "dependencies": {},
  "downloads": {
    "https://proxy.golang.org/github.com/unkn0wn-root/resterm/@v/v0.18.6.info": {
      "type": "sha256",
      "value": "1633974d465f83a27cc855fa115a4bff4863a0abd81db224543a580bc810027d"
    },
    "https://proxy.golang.org/github.com/unkn0wn-root/resterm/@v/v0.18.6.zip": {
      "type": "sha256",
      "value": "3c94394c06d8e438dc58c367c45e43ffdbeb958c782ee06ae4bd43e5839b1f10"
    }
  }
}
