{
  "dependencies": {},
  "downloads": {
    "https://proxy.golang.org/github.com/unkn0wn-root/resterm/@v/v0.17.1.info": {
      "type": "sha256",
      "value": "5f1627f178f67242ac1748cfde54307a0f7b12d891b19990503319b320e2a27e"
    },
    "https://proxy.golang.org/github.com/unkn0wn-root/resterm/@v/v0.17.1.zip": {
      "type": "sha256",
      "value": "a7e433e85b4029fe299453802208e13f79661c90ed2bb663f90044aa8ef1226d"
    }
  }
}
