{
  "dependencies": {},
  "downloads": {
    "https://proxy.golang.org/github.com/goharbor/harbor-cli/@v/v0.0.16.info": {
      "type": "sha256",
      "value": "7ed3ab997710ecfc9474381408c2608ec8138f3c026308290cd43cf30d613151"
    },
    "https://proxy.golang.org/github.com/goharbor/harbor-cli/@v/v0.0.16.zip": {
      "type": "sha256",
      "value": "666f3568d5ea2dd05d33cabd5ba9768a28ec304113ae53e76945c0c56e5379eb"
    }
  }
}
