{
  "dependencies": {},
  "downloads": {
    "https://proxy.golang.org/github.com/vmware-tanzu/velero/@v/v1.18.1.info": {
      "type": "sha256",
      "value": "360950eef72abebb79bdb7c3b49c2b604447ab3f3d35d93a2b910615102cfd5c"
    },
    "https://proxy.golang.org/github.com/vmware-tanzu/velero/@v/v1.18.1.zip": {
      "type": "sha256",
      "value": "3bef0eb999abc7eaa0a6c0e7581f795e3b1c0a4d5bbfefa0bd337c5c864a9bda"
    }
  }
}
