{
  "dependencies": {},
  "downloads": {
    "https://proxy.golang.org/github.com/vmware-tanzu/velero/@v/v1.17.2.info": {
      "type": "sha256",
      "value": "16675477264e17c5db177937b02e5862d6fea53a3cdf710b5039f2bc049912e1"
    },
    "https://proxy.golang.org/github.com/vmware-tanzu/velero/@v/v1.17.2.zip": {
      "type": "sha256",
      "value": "2a499922128eb0ccc44de7c036abb4bbc84ac625cc8a2c854e98d8dabebaff79"
    }
  }
}
