{
  "dependencies": {},
  "downloads": {
    "https://ftpmirror.gnu.org/gnu/gmp/gmp-6.3.0.tar.xz%22%3E%3Cimg%20src=%22/icons/unknown.gif%22%20alt=%22[%20%20%20]%22%3E%3C/a%3E%3C/td%3E%3Ctd%3E%3Ca%20href=%22gmp-6.3.0.tar.xz": {
      "type": "sha256",
      "value": "e3b0c44298fc1c149afbf4c8996fb92427ae41e4649b934ca495991b7852b855"
    }
  }
}
