{
  "dependencies": {},
  "downloads": {
    "https://proxy.golang.org/github.com/mroth/scmpuff/@v/v0.7.0.info": {
      "type": "sha256",
      "value": "30eeefda83d255af0665a74e575be99c3495a523be0c63eaf6f16b9158d9a1a7"
    },
    "https://proxy.golang.org/github.com/mroth/scmpuff/@v/v0.7.0.zip": {
      "type": "sha256",
      "value": "3435b7bf17e3ffe88c6dacb721a5146edc038b4930a927d1079bd82d07b8c3e7"
    }
  }
}
