{
  "dependencies": {},
  "downloads": {
    "https://proxy.golang.org/github.com/docker/buildx/@v/v0.32.1.info": {
      "type": "sha256",
      "value": "91e8e3d25c03125adbebe3b55b43533c52afe8e0846ed36c92825b5f05874853"
    },
    "https://proxy.golang.org/github.com/docker/buildx/@v/v0.32.1.zip": {
      "type": "sha256",
      "value": "7a98f861a8037b38d476c4e852258b4078a10ece31abec19841dd522bdf477f2"
    }
  }
}
