{
  "dependencies": {},
  "downloads": {
    "https://proxy.golang.org/github.com/docker/buildx/@v/v0.33.0.info": {
      "type": "sha256",
      "value": "c7a7bc1ade968bff6d9e453c7e9651b17897088a574d91256cb3c80a2ed416fd"
    },
    "https://proxy.golang.org/github.com/docker/buildx/@v/v0.33.0.zip": {
      "type": "sha256",
      "value": "678ba20a027bec0fc4347567de07249d0935062a7d1ecaaa45f921e20c0b9dd9"
    }
  }
}
