{
  "dependencies": {},
  "downloads": {
    "https://proxy.golang.org/github.com/awslabs/eks-node-viewer/@v/v0.7.4.info": {
      "type": "sha256",
      "value": "48ee5995240d0df03327011f0db062c4a4316d238e98109116d883ac6c6e7c72"
    },
    "https://proxy.golang.org/github.com/awslabs/eks-node-viewer/@v/v0.7.4.zip": {
      "type": "sha256",
      "value": "14dad013280ad629850159da51fefc17450f08460173df270ee6c8abb228a032"
    }
  }
}
