{
  "dependencies": {},
  "downloads": {
    "https://data.iana.org/time-zones/releases/tzcode2026d.tar.gz": {
      "type": "sha256",
      "value": "2f5c9f7fe29e6b8cb863583667884b8ce17b0a485355a054b591c6bdfcd81791"
    },
    "https://data.iana.org/time-zones/releases/tzdata2026d.tar.gz": {
      "type": "sha256",
      "value": "0cb2aa8e333c3dc049badc42a0c61f21987b8cd44e107fa900bad764aacc7767"
    }
  }
}
