{
  "dependencies": {},
  "downloads": {
    "https://data.iana.org/time-zones/releases/tzcode2026b.tar.gz": {
      "type": "sha256",
      "value": "37e9ed8427f5d3521c22fc58e293cbfb043d70eedf1003870b33f363f61ca344"
    },
    "https://data.iana.org/time-zones/releases/tzdata2026b.tar.gz": {
      "type": "sha256",
      "value": "114543d9f19a6bfeb5bca43686aea173d38755a3db1f2eec112647ae92c6f544"
    }
  }
}
