{
  "dependencies": {},
  "downloads": {
    "https://files.pythonhosted.org/packages/6a/23/8146aad7d88f4fcb3a6218f41a60f6c2d4e3a72de72da1825dc7c8f7877c/semantic_version-2.10.0-py2.py3-none-any.whl": {
      "type": "sha256",
      "value": "de78a3b8e0feda74cabc54aab2da702113e33ac9d9eb9d2389bcf1f58b7d9177"
    },
    "https://files.pythonhosted.org/packages/9d/76/f789f7a86709c6b087c5a2f52f911838cad707cc613162401badc665acfe/setuptools-82.0.1-py3-none-any.whl": {
      "type": "sha256",
      "value": "a59e362652f08dcd477c78bb6e7bd9d80a7995bc73ce773050228a348ce2e5bb"
    },
    "https://files.pythonhosted.org/packages/b7/29/c12876926be20e100527f541c792731ea09b995139aee9676eaacd1b751e/setuptools_rust-1.12.1-py3-none-any.whl": {
      "type": "sha256",
      "value": "b7ebd6a182e7aefa97a072e880530c9b0ec8fcca8617e0bb8ff299c1a064f693"
    }
  }
}
