{
  "dependencies": {},
  "downloads": {
    "https://files.pythonhosted.org/packages/0b/80/909e46e684e47b116ed145bf2a1a8f5f7c9d90e8c3f8f7fce6a529c0068d/setuptools_rust-1.13.0-py3-none-any.whl": {
      "type": "sha256",
      "value": "666439c4d90e968bb625bcf87ec0aa02b4f49e599d2f5dc255c633a04e8eca99"
    },
    "https://files.pythonhosted.org/packages/5d/40/e1e72872c6354b306daef1703549e8e83b4d43cfea356311bf722a043752/setuptools-83.0.0-py3-none-any.whl": {
      "type": "sha256",
      "value": "29b23c360f22f414dc7336bb39178cc7bcbf6021ed2733cde173f09dba19abb3"
    },
    "https://files.pythonhosted.org/packages/6a/23/8146aad7d88f4fcb3a6218f41a60f6c2d4e3a72de72da1825dc7c8f7877c/semantic_version-2.10.0-py2.py3-none-any.whl": {
      "type": "sha256",
      "value": "de78a3b8e0feda74cabc54aab2da702113e33ac9d9eb9d2389bcf1f58b7d9177"
    }
  }
}
