{
  "dependencies": {},
  "downloads": {
    "https://proxy.golang.org/github.com/!azure/aks-mcp/@v/v0.0.19.info": {
      "type": "sha256",
      "value": "b49af3cac99cd5217020f04f777bb9a1b01bc3b1e861b751019d0b28dc93943c"
    },
    "https://proxy.golang.org/github.com/!azure/aks-mcp/@v/v0.0.19.zip": {
      "type": "sha256",
      "value": "5186202020702534ee7fedf3bb803ef1587f3e2ccc31e054b5d2b51a6c32c7b2"
    }
  }
}
