{
  "dependencies": {},
  "downloads": {
    "https://proxy.golang.org/github.com/!azure/aks-mcp/@v/v0.0.17.info": {
      "type": "sha256",
      "value": "fe96a87c6bfe9e76b8ed91dfb79e7500d1d4e55968d46a5f5b97f6ed50f37845"
    },
    "https://proxy.golang.org/github.com/!azure/aks-mcp/@v/v0.0.17.zip": {
      "type": "sha256",
      "value": "f7111012d97629a22ebb4fac5123acb7ca3455a4515ed05f87cca428bc9e3e4c"
    }
  }
}
