{
  "dependencies": {},
  "downloads": {
    "https://proxy.golang.org/github.com/!azure/aks-mcp/@v/v0.0.12.info": {
      "type": "sha256",
      "value": "677306abe09c6a1b9e709f13152fc0b706b4e4e71100ee39e6cc2539b78aa328"
    },
    "https://proxy.golang.org/github.com/!azure/aks-mcp/@v/v0.0.12.zip": {
      "type": "sha256",
      "value": "514e9190f17b1cad42c865243c94cebd46d0fb85b57624c16a179b379b972a68"
    }
  }
}
