{
  "dependencies": {},
  "downloads": {
    "https://proxy.golang.org/github.com/router-for-me/!c!l!i!proxy!a!p!i/v7/@v/v7.0.6.info": {
      "type": "sha256",
      "value": "eef3707a8a6134f930ec2b93454149e67e3e5dcf4e0cecbf88e1296ea9ab9554"
    },
    "https://proxy.golang.org/github.com/router-for-me/!c!l!i!proxy!a!p!i/v7/@v/v7.0.6.zip": {
      "type": "sha256",
      "value": "4df5b0f46eb968f77f07b3109dbcd942979fc4d20e2ec9a31e4eae8e3bb7fe69"
    }
  }
}
