{
  "dependencies": {},
  "downloads": {
    "https://proxy.golang.org/github.com/router-for-me/!c!l!i!proxy!a!p!i/v6/@v/v6.6.64.info": {
      "type": "sha256",
      "value": "b28b58bfa6f0b4652b8ce1e667f4b1a17642cedc5459723371c6322bac34f8da"
    },
    "https://proxy.golang.org/github.com/router-for-me/!c!l!i!proxy!a!p!i/v6/@v/v6.6.64.zip": {
      "type": "sha256",
      "value": "3fda412f7fdc6a186f05f9e6dd2201ea218d8b5615e969c59ec54a9685630373"
    }
  }
}
