{
  "dependencies": {},
  "downloads": {
    "https://proxy.golang.org/github.com/helmfile/helmfile/@v/v1.7.0.info": {
      "type": "sha256",
      "value": "bf45e6e5655dd91564007c90d38fa899f4a1bffa7a0e24ad6c187c429a20b222"
    },
    "https://proxy.golang.org/github.com/helmfile/helmfile/@v/v1.7.0.zip": {
      "type": "sha256",
      "value": "a5c65b8965ac9dca96eed114fb40e0ecee938f3baf1dc3c93bac7ad5d18a8b18"
    }
  }
}
