{
  "dependencies": {},
  "downloads": {
    "https://proxy.golang.org/github.com/helmfile/helmfile/@v/v1.2.2.info": {
      "type": "sha256",
      "value": "89a1e76dba901e4f42b8ccc1cc9287661a19ba450c862d4efe802a225d8a2821"
    },
    "https://proxy.golang.org/github.com/helmfile/helmfile/@v/v1.2.2.zip": {
      "type": "sha256",
      "value": "2c4efe5d9bc41770caa2339d3738406eb968a45a1bdf4100c8f3296720686cac"
    }
  }
}
