{
  "dependencies": {},
  "downloads": {
    "https://proxy.golang.org/github.com/helmfile/helmfile/@v/v1.2.3.info": {
      "type": "sha256",
      "value": "391adc3e43cde1a0614999b90af092e4875b6054e58f2897f26f121f4d7a9ac8"
    },
    "https://proxy.golang.org/github.com/helmfile/helmfile/@v/v1.2.3.zip": {
      "type": "sha256",
      "value": "3cded8dbfdddd523b3fb74fe9b050e58108ee85287f18dcfec1415d6a84172c3"
    }
  }
}
