{
  "dependencies": {},
  "downloads": {
    "https://storage.googleapis.com/dart-archive/channels/stable/release/3.10.9/sdk/dartsdk-linux-arm64-release.zip": {
      "type": "sha256",
      "value": "67c98f9e6a694ed3cb362634372d69473040b3712836d42cafcdb3c56c0a04eb"
    },
    "https://storage.googleapis.com/dart-archive/channels/stable/release/3.10.9/sdk/dartsdk-linux-x64-release.zip": {
      "type": "sha256",
      "value": "d43b9d3a21b82ef2a37d31945b99e6b88f5f8dc44ec191b473fd629d78d0b994"
    },
    "https://storage.googleapis.com/dart-archive/channels/stable/release/3.5.4/sdk/dartsdk-linux-arm64-release.zip": {
      "type": "sha256",
      "value": "a91d64dd3173349cee58c82f5ebf18bb9670f65eecc26d5684124c3def3f83ec"
    },
    "https://storage.googleapis.com/dart-archive/channels/stable/release/3.5.4/sdk/dartsdk-linux-x64-release.zip": {
      "type": "sha256",
      "value": "8d0c5e34f2a9d6b9f5ebf05252ae1703893f6087d547c631b390aef2d0cd6967"
    },
    "https://storage.googleapis.com/dart-archive/channels/stable/release/3.6.2/sdk/dartsdk-linux-arm64-release.zip": {
      "type": "sha256",
      "value": "f475db0944922d9925b4a4266c31f8fafd39b01a3cc130422e785c8276eb13e5"
    },
    "https://storage.googleapis.com/dart-archive/channels/stable/release/3.6.2/sdk/dartsdk-linux-x64-release.zip": {
      "type": "sha256",
      "value": "5a2953ec76c8139cd73d0c0b482de26d0b86a5a7e37579167bbd33493063408d"
    }
  }
}
