{
  "dependencies": {},
  "downloads": {
    "https://storage.googleapis.com/dart-archive/channels/stable/release/3.10.8/sdk/dartsdk-linux-arm64-release.zip": {
      "type": "sha256",
      "value": "584eea4c53f64feda68eba5dc4b2b024275c21003dfccd85a79e934faaac0921"
    },
    "https://storage.googleapis.com/dart-archive/channels/stable/release/3.10.8/sdk/dartsdk-linux-x64-release.zip": {
      "type": "sha256",
      "value": "6712007d16203f8928b402800ded0e92357426b83b02417d1573db9cc88b75c4"
    },
    "https://storage.googleapis.com/dart-archive/channels/stable/release/3.5.4/sdk/dartsdk-linux-arm64-release.zip": {
      "type": "sha256",
      "value": "a91d64dd3173349cee58c82f5ebf18bb9670f65eecc26d5684124c3def3f83ec"
    },
    "https://storage.googleapis.com/dart-archive/channels/stable/release/3.5.4/sdk/dartsdk-linux-x64-release.zip": {
      "type": "sha256",
      "value": "8d0c5e34f2a9d6b9f5ebf05252ae1703893f6087d547c631b390aef2d0cd6967"
    },
    "https://storage.googleapis.com/dart-archive/channels/stable/release/3.6.1/sdk/dartsdk-linux-arm64-release.zip": {
      "type": "sha256",
      "value": "9192cc5efe2af1ff91aae692950550ae4eb649656e5e003c76b4ed55c328154e"
    },
    "https://storage.googleapis.com/dart-archive/channels/stable/release/3.6.1/sdk/dartsdk-linux-x64-release.zip": {
      "type": "sha256",
      "value": "fbed37419784149c93f3ae444b9a9d1b5d5b73a521cbce731899d601d9b435b4"
    }
  }
}
