{
  "dependencies": {},
  "downloads": {
    "https://downloads.haskell.org/~ghc/9.14.1/ghc-9.14.1-aarch64-deb12-linux.tar.xz": {
      "type": "sha256",
      "value": "6aa27a377451851c851eefdd869e8f5a9217b02ce66c6ca9b418b72efee28427"
    },
    "https://downloads.haskell.org/~ghc/9.14.1/ghc-9.14.1-x86_64-deb12-linux.tar.xz": {
      "type": "sha256",
      "value": "60f7ab75f28df892729fbaff3a54f58ee3ad7e731929f1b2f3eb0208f73de841"
    }
  }
}
