{
  "dependencies": {},
  "downloads": {
    "https://github.com/Kitware/CMake/releases/download/v4.1.2/cmake-4.1.2.tar.gz": {
      "type": "sha256",
      "value": "643f04182b7ba323ab31f526f785134fb79cba3188a852206ef0473fee282a15"
    },
    "https://gitlab.kitware.com/cmake/cmake/-/commit/c92268f91b30e6d52b82d1ffad227cadafcf4dbf.patch": {
      "type": "sha256",
      "value": "f9c47d052018111bed219b71f72125444aa72fd9544f1ed2adaadc2e330593e0"
    }
  },
  "git_refs": {
    "https://github.com/brioche-dev/CMake.git": {
      "base/brioche-patches": "2a2c2e0b2658f7c07e00fcf649882fd5578c2fc1",
      "brioche-patches": "76d73a62c1f3d6e203af983c9cfb91264fad8c67"
    }
  }
}
