{
  "dependencies": {},
  "downloads": {
    "https://github.com/Kitware/CMake/releases/download/v4.0.2/cmake-4.0.2.tar.gz": {
      "type": "sha256",
      "value": "1c3a82c8ca7cf12e0b17178f9d0c32f7ac773bd5651a98fcfd80fbf4977f8d48"
    }
  },
  "git_refs": {
    "https://github.com/brioche-dev/CMake.git": {
      "base/brioche-patches": "ee515b2aa837ce9ccbd067b345625323b9149b51",
      "brioche-patches": "8de9f6abfc49f2fbd3cc870e638f1c679be48a3d"
    }
  }
}
