{
  "dependencies": {},
  "downloads": {
    "https://github.com/Kitware/CMake/releases/download/v4.4.0/cmake-4.4.0.tar.gz": {
      "type": "sha256",
      "value": "65757f442fdd242e27f1728fc26dc0cba4164f7a0791a5c788631c00080369bc"
    }
  },
  "git_refs": {
    "https://github.com/brioche-dev/CMake.git": {
      "base/brioche-patches": "a0c7f1d29c77fd5c862b087f9d2442c84798a4b6",
      "brioche-patches": "339d2d012473abc137391e0c1e953538f9aa6954"
    }
  }
}
