{
  "dependencies": {},
  "downloads": {
    "https://files.pythonhosted.org/packages/41/3c/a36c2450754618e62008bf7435ccb0f88053e07592e6028a34776213d877/markupsafe-3.0.3-cp314-cp314-manylinux2014_x86_64.manylinux_2_17_x86_64.manylinux_2_28_x86_64.whl": {
      "type": "sha256",
      "value": "457a69a9577064c05a97c41f4e65148652db078a3a509039e64d3467b9e7ef97"
    },
    "https://files.pythonhosted.org/packages/5d/40/e1e72872c6354b306daef1703549e8e83b4d43cfea356311bf722a043752/setuptools-83.0.0-py3-none-any.whl": {
      "type": "sha256",
      "value": "29b23c360f22f414dc7336bb39178cc7bcbf6021ed2733cde173f09dba19abb3"
    },
    "https://files.pythonhosted.org/packages/88/f9/16491d7ed2a919954993e48aa941b200f38040928474c9e85ea9e64222c3/pyyaml-6.0.3-cp314-cp314-manylinux2014_x86_64.manylinux_2_17_x86_64.manylinux_2_28_x86_64.whl": {
      "type": "sha256",
      "value": "c458b6d084f9b935061bc36216e8a69a7e293a2f1e68bf956dcd9e6cbcd143f5"
    },
    "https://files.pythonhosted.org/packages/92/b5/47e807c2623074914e29dabd16cbbdd4bf5e9b2db9f8090fa64411fc5382/pyyaml-6.0.3-cp314-cp314-manylinux2014_aarch64.manylinux_2_17_aarch64.manylinux_2_28_aarch64.whl": {
      "type": "sha256",
      "value": "501a031947e3a9025ed4405a168e6ef5ae3126c59f90ce0cd6f2bfc477be31b7"
    },
    "https://files.pythonhosted.org/packages/bc/b1/a0ec7a5a9db730a08daef1fdfb8090435b82465abbf758a596f0ea88727e/mako-1.3.12-py3-none-any.whl": {
      "type": "sha256",
      "value": "8f61569480282dbf557145ce441e4ba888be453c30989f879f0d652e39f53ea9"
    },
    "https://files.pythonhosted.org/packages/da/ef/e648bfd021127bef5fa12e1720ffed0c6cbb8310c8d9bea7266337ff06de/markupsafe-3.0.3-cp314-cp314-manylinux2014_aarch64.manylinux_2_17_aarch64.manylinux_2_28_aarch64.whl": {
      "type": "sha256",
      "value": "f34c41761022dd093b4b6896d4810782ffbabe30f2d443ff5f083e0cbbb8c737"
    },
    "https://gitlab.freedesktop.org/mesa/mesa/-/archive/mesa-26.1.4/mesa-mesa-26.1.4.tar.bz2": {
      "type": "sha256",
      "value": "941c80d502537cbd0f1a21087eb0fa4d8ae7a80bc11ecce9c08d24471b706436"
    }
  }
}
