{
  "dependencies": {},
  "downloads": {
    "https://proxy.golang.org/github.com/lrstanley/vault-unseal/@v/v1.0.1.info": {
      "type": "sha256",
      "value": "6d23827c35141ec100fae69fa0f206672817f76cd52f250ef0d7dba46706c9df"
    },
    "https://proxy.golang.org/github.com/lrstanley/vault-unseal/@v/v1.0.1.zip": {
      "type": "sha256",
      "value": "3b56d119dbaabdb9a822c4ba13e3154f04ad479be80e1651fc361ea2ea8d45c2"
    }
  }
}
