{
  "dependencies": {},
  "downloads": {
    "https://proxy.golang.org/github.com/!zxilly/go-size-analyzer/@v/v1.13.1.info": {
      "type": "sha256",
      "value": "a0e5e6667dd81758e17df3de28a56963d20151d97a8cb358c03a3ab2cabfbaee"
    },
    "https://proxy.golang.org/github.com/!zxilly/go-size-analyzer/@v/v1.13.1.zip": {
      "type": "sha256",
      "value": "c8fb73513ffa2a96903613e09fb265bcd23303e2714f26faa551ff6bdc5d865a"
    }
  }
}
