{
  "dependencies": {},
  "downloads": {
    "https://proxy.golang.org/github.com/!zxilly/go-size-analyzer/@v/v1.14.0.info": {
      "type": "sha256",
      "value": "887a77f9329b21b0c1d1d84ecda4fae0943af96e6be91d7f2f97f8bc90b32d28"
    },
    "https://proxy.golang.org/github.com/!zxilly/go-size-analyzer/@v/v1.14.0.zip": {
      "type": "sha256",
      "value": "4216865b2059b10ace1eb646abe8c73cf51743c246c728809342fa2ef06d5c47"
    }
  }
}
