{
  "dependencies": {},
  "downloads": {
    "https://proxy.golang.org/github.com/!zxilly/go-size-analyzer/@v/v1.13.0.info": {
      "type": "sha256",
      "value": "d7718753acb890f2e9081403620bc13ab5eff4bd08c9a45e31b33ef9e80e84ff"
    },
    "https://proxy.golang.org/github.com/!zxilly/go-size-analyzer/@v/v1.13.0.zip": {
      "type": "sha256",
      "value": "98d2319700c5f090f0e0d0b46e46f2478b0ad1c180b99c9ac297887e82c6a740"
    }
  }
}
