{
  "dependencies": {},
  "downloads": {
    "https://proxy.golang.org/github.com/derailed/k9s/@v/v0.51.0.info": {
      "type": "sha256",
      "value": "ba2598314c4108c972dc66e93e71f6b76a69e8e4a9d0da73a7eabbbae4653938"
    },
    "https://proxy.golang.org/github.com/derailed/k9s/@v/v0.51.0.zip": {
      "type": "sha256",
      "value": "6848dac89bdf29df2733e66fff10289829ec6a9cdbc9fe8c5ce7f83c9ce8b82f"
    }
  }
}
