{
  "dependencies": {},
  "downloads": {
    "https://proxy.golang.org/github.com/derailed/k9s/@v/v0.50.18.info": {
      "type": "sha256",
      "value": "544547d00e77eb55227709f9b93ae457e9de028292924ba51df777e78908ea75"
    },
    "https://proxy.golang.org/github.com/derailed/k9s/@v/v0.50.18.zip": {
      "type": "sha256",
      "value": "dc2352c2076f89ce25ab0cf36158f90b003c76d931dfdf7aaf0f6e59ecf3dd05"
    }
  }
}
