{
  "dependencies": {},
  "downloads": {
    "https://proxy.golang.org/github.com/github/github-mcp-server/@v/v1.0.4.info": {
      "type": "sha256",
      "value": "db3910421b36a8fbf9ee9b67c7e0c9de8fc1343985409d5dc199d3835a394a89"
    },
    "https://proxy.golang.org/github.com/github/github-mcp-server/@v/v1.0.4.zip": {
      "type": "sha256",
      "value": "d0964d1eb26761fd398f7b99ea2febe109ecf8c048a2caac97d5d35e007890d0"
    }
  }
}
