{
  "dependencies": {},
  "downloads": {
    "https://proxy.golang.org/github.com/github/github-mcp-server/@v/v0.24.0.info": {
      "type": "sha256",
      "value": "03df266e0086d6903b0de482f155d025871746f69490090a4e6bbeec9027759d"
    },
    "https://proxy.golang.org/github.com/github/github-mcp-server/@v/v0.24.0.zip": {
      "type": "sha256",
      "value": "d2c1d885bc9187383109060b83a73ca0f77c62ce98ed40b492988b1d45d0c435"
    }
  }
}
