{
  "dependencies": {},
  "downloads": {
    "https://proxy.golang.org/github.com/arttor/helmify/@v/v0.4.20.info": {
      "type": "sha256",
      "value": "d1b0cfc772448e6e377a0181212f28e116d93b5469b20fed729f17360cbf3c46"
    },
    "https://proxy.golang.org/github.com/arttor/helmify/@v/v0.4.20.zip": {
      "type": "sha256",
      "value": "5e832df250e9563108d25854744ebf8e9c68b6650953dc9575d98e9de9068028"
    }
  }
}
