{
  "dependencies": {},
  "downloads": {
    "https://code.videolan.org/videolan/x264/-/archive/b35605ace3ddf7c1a5d67a2eb553f034aef41d55/x264-b35605ace3ddf7c1a5d67a2eb553f034aef41d55.tar.bz2": {
      "type": "sha256",
      "value": "6eeb82934e69fd51e043bd8c5b0d152839638d1ce7aa4eea65a3fedcf83ff224"
    }
  }
}
