{
  "dependencies": {},
  "downloads": {
    "https://proxy.golang.org/github.com/wabarc/wayback/@v/v0.21.1.info": {
      "type": "sha256",
      "value": "43b8df48df685bb0381d55f451ed8f1d881a3392b20cd10c3338430cb0db6fdf"
    },
    "https://proxy.golang.org/github.com/wabarc/wayback/@v/v0.21.1.zip": {
      "type": "sha256",
      "value": "52c17567f79f2a6c1dc6631fcceab7f735b9061fd751f5bfe582dc885bd9e84d"
    }
  }
}
