{
  "dependencies": {},
  "downloads": {
    "https://proxy.golang.org/github.com/sigstore/cosign/v3/@v/v3.1.1.info": {
      "type": "sha256",
      "value": "f2a8c5cda35317f78abd560683ee1d34e0b4ce22a3966a5f37e4c9896c90d2d2"
    },
    "https://proxy.golang.org/github.com/sigstore/cosign/v3/@v/v3.1.1.zip": {
      "type": "sha256",
      "value": "7278b71ad75a56ef151abc57baf03b676cc94c363e5807bf302c17ddacfc4b20"
    }
  }
}
