{
  "dependencies": {},
  "downloads": {
    "https://proxy.golang.org/github.com/sigstore/cosign/v3/@v/v3.0.4.info": {
      "type": "sha256",
      "value": "a882aa5494b1f11b93878293d0b37a927eb67b2e4a055233b4667f1a7acfb9ba"
    },
    "https://proxy.golang.org/github.com/sigstore/cosign/v3/@v/v3.0.4.zip": {
      "type": "sha256",
      "value": "22603d29abb16fa2987bd36e063c8d4be229b0e378b3bc859b3c359fe5d918be"
    }
  }
}
