{
  "dependencies": {},
  "downloads": {
    "https://proxy.golang.org/github.com/jesseduffield/lazygit/@v/v0.65.1.info": {
      "type": "sha256",
      "value": "45b1dae4282b7bd7ba7efeb633d890c7a08f4d1df5737a1b8b806219c1cecd04"
    },
    "https://proxy.golang.org/github.com/jesseduffield/lazygit/@v/v0.65.1.zip": {
      "type": "sha256",
      "value": "fc14bd5a455861519a9abb9988340bbd57d5a91bc281496ddcf2b332e14ff370"
    }
  }
}
