{
  "dependencies": {},
  "downloads": {
    "https://proxy.golang.org/github.com/jesseduffield/lazygit/@v/v0.59.0.info": {
      "type": "sha256",
      "value": "b2e4dcd5efa6cc2fe7e46366cbad5b0bee134ff7e5527d2b751b1d0e13e5badb"
    },
    "https://proxy.golang.org/github.com/jesseduffield/lazygit/@v/v0.59.0.zip": {
      "type": "sha256",
      "value": "aa186b63ccd78f6f85eb1e8e18a1f810904c6bd18b2585efc74f15a6621a3f96"
    }
  }
}
