{
  "dependencies": {},
  "downloads": {
    "https://proxy.golang.org/github.com/gohugoio/hugo/@v/v0.163.2.info": {
      "type": "sha256",
      "value": "623d844573046ef2ed154c5c86a8ec239c5491fa173f0ba7992e5e76c11b6918"
    },
    "https://proxy.golang.org/github.com/gohugoio/hugo/@v/v0.163.2.zip": {
      "type": "sha256",
      "value": "7a36a9ce35b3cb013e8619074593f4766de55eb7d52a23a7803226011b2192df"
    }
  }
}
