{
  "dependencies": {},
  "downloads": {
    "https://proxy.golang.org/github.com/gohugoio/hugo/@v/v0.161.1.info": {
      "type": "sha256",
      "value": "a965ef69b381f37cc8dd6f4353e4f0b687fecdc65829446a89f60ca201116162"
    },
    "https://proxy.golang.org/github.com/gohugoio/hugo/@v/v0.161.1.zip": {
      "type": "sha256",
      "value": "cc97bd5574e3ccfe2101af62324e519e6d7f624407fb67b0865c7dfdea575b5f"
    }
  }
}
