{
  "dependencies": {},
  "downloads": {
    "https://proxy.golang.org/github.com/cloudnative-pg/cloudnative-pg/@v/v1.30.0.info": {
      "type": "sha256",
      "value": "2dcd499c089bdd82ae92c30b2965ae1a639de50329e222754a5170c02d927bca"
    },
    "https://proxy.golang.org/github.com/cloudnative-pg/cloudnative-pg/@v/v1.30.0.zip": {
      "type": "sha256",
      "value": "68fad0cf2253cc940f24fe38f358dd2ee5a25a8fbc7d5189bddfc23b3f55fb0d"
    }
  }
}
