{
  "dependencies": {},
  "downloads": {
    "https://proxy.golang.org/chainguard.dev/apko/@v/v1.2.2.info": {
      "type": "sha256",
      "value": "ceb218bd18f29bc7d2e8a04e77b71af8f52e9a353a2f993d873dcb00fd7db42b"
    },
    "https://proxy.golang.org/chainguard.dev/apko/@v/v1.2.2.zip": {
      "type": "sha256",
      "value": "cad542d7e750118c6a96a6b0fe1bfb8c2ece01c68a2b3e038e1b660ddcbcda2b"
    }
  }
}
