{
  "dependencies": {},
  "downloads": {
    "https://proxy.golang.org/chainguard.dev/apko/@v/v1.2.17.info": {
      "type": "sha256",
      "value": "eea7391487ee48bda04f77b0a5b511dc9257e5d908634c358584609f1c065ac3"
    },
    "https://proxy.golang.org/chainguard.dev/apko/@v/v1.2.17.zip": {
      "type": "sha256",
      "value": "8c91328d12936e00175a5af37ed9fadf2be3ee37823ba97a1baf2f7b79487a2e"
    }
  }
}
