{
  "dependencies": {},
  "downloads": {
    "https://proxy.golang.org/github.com/pranshuparmar/witr/@v/v0.3.0.info": {
      "type": "sha256",
      "value": "c8be48efac1bbaa51d1865c7f514da30be4b209be7cd1dfc17b681e6acee83e9"
    },
    "https://proxy.golang.org/github.com/pranshuparmar/witr/@v/v0.3.0.zip": {
      "type": "sha256",
      "value": "691b2af3b1e1f55c73a893fc0e09ba08f25f41c4c4cd323bd0f0bac6530f153b"
    }
  }
}
