{
  "dependencies": {},
  "downloads": {
    "https://proxy.golang.org/github.com/pranshuparmar/witr/@v/v0.3.1.info": {
      "type": "sha256",
      "value": "36951e713aa664d10c28e26de797ff082779ee287619bc3d2a426cb4d586c743"
    },
    "https://proxy.golang.org/github.com/pranshuparmar/witr/@v/v0.3.1.zip": {
      "type": "sha256",
      "value": "68929eaeaa52b2bed997fff8d549ab8428821a6e54ca9edf00dbf90ba0fffc22"
    }
  }
}
