{
  "dependencies": {},
  "downloads": {
    "https://proxy.golang.org/github.com/!use-!tusk/fence/@v/v0.1.60.info": {
      "type": "sha256",
      "value": "a7d805ddf6878856f2a3d01cc116762ba4b7e6a9bf216266136ce05cd2c8fe4b"
    },
    "https://proxy.golang.org/github.com/!use-!tusk/fence/@v/v0.1.60.zip": {
      "type": "sha256",
      "value": "03c10f42618df133b14cdc31297d185246cdbf687807db9deb10cbef6e473f09"
    }
  }
}
