{
  "dependencies": {},
  "downloads": {
    "https://proxy.golang.org/github.com/!use-!tusk/fence/@v/v0.1.62.info": {
      "type": "sha256",
      "value": "452a8ce629ab3dbffa237c95e5bbe3a6ed76a1de75fe4040f6407b25902f14d7"
    },
    "https://proxy.golang.org/github.com/!use-!tusk/fence/@v/v0.1.62.zip": {
      "type": "sha256",
      "value": "bb422e0acc769e5bb6c9750469857103d1fcccc017631ea574a006e7150c8ac1"
    }
  }
}
