{
  "dependencies": {},
  "downloads": {
    "https://proxy.golang.org/github.com/!use-!tusk/fence/@v/v0.1.36.info": {
      "type": "sha256",
      "value": "cd76e3cbc51e643f991c456b07a3b5415708ab1edfc39065104e0e1b38637f6a"
    },
    "https://proxy.golang.org/github.com/!use-!tusk/fence/@v/v0.1.36.zip": {
      "type": "sha256",
      "value": "b5db603babc7078b6ef9aea917ddad5b9e38cc8d292ffa741bff9595846da4f2"
    }
  }
}
