{
  "dependencies": {},
  "downloads": {
    "https://proxy.golang.org/github.com/karmada-io/karmada/@v/v1.19.0.info": {
      "type": "sha256",
      "value": "e30da647f9fad0e6fca7efde4329e8edfb89b0a947fb813f8916c2b9446f1de1"
    },
    "https://proxy.golang.org/github.com/karmada-io/karmada/@v/v1.19.0.zip": {
      "type": "sha256",
      "value": "78d026681fed26d67f6d263caa01dda0bc4f93633adb7b6cd1f74de6543fb564"
    }
  }
}
