{
  "dependencies": {},
  "downloads": {
    "https://proxy.golang.org/github.com/karmada-io/karmada/@v/v1.16.2.info": {
      "type": "sha256",
      "value": "666e54a61c218586222b1a67d848ef303fb7a91c2da55f42876e1e8da0934912"
    },
    "https://proxy.golang.org/github.com/karmada-io/karmada/@v/v1.16.2.zip": {
      "type": "sha256",
      "value": "5d015ee0388126a7decf60e34a1edad049c864c61f1434454375e2a9866c2a2a"
    }
  }
}
