{
  "dependencies": {},
  "downloads": {
    "https://proxy.golang.org/github.com/karmada-io/karmada/@v/v1.18.0.info": {
      "type": "sha256",
      "value": "a42f9c7a4afed20ce981b7e039fda446dc99e30bd13e224605fe73962bddde98"
    },
    "https://proxy.golang.org/github.com/karmada-io/karmada/@v/v1.18.0.zip": {
      "type": "sha256",
      "value": "574183f38aae345b5b836c27abb77394ba7f204473a59343324335e0f38a17ab"
    }
  }
}
