{
  "dependencies": {},
  "downloads": {
    "https://proxy.golang.org/github.com/turbot/steampipe/v2/@v/v2.3.5.info": {
      "type": "sha256",
      "value": "2447ec6f3ac61a2e55388120d46a09fcf143ac726365cee864546651fb3fee29"
    },
    "https://proxy.golang.org/github.com/turbot/steampipe/v2/@v/v2.3.5.zip": {
      "type": "sha256",
      "value": "d90e9fa06c8796473a6303844baade7ebe778888480053a489da69d4e0954a78"
    }
  }
}
