{
  "dependencies": {},
  "downloads": {
    "https://proxy.golang.org/github.com/turbot/steampipe/v2/@v/v2.4.1.info": {
      "type": "sha256",
      "value": "08e6c53403db3a9a132b47b8bbf0747f8a194e65a82a81b12f986e088f114f0a"
    },
    "https://proxy.golang.org/github.com/turbot/steampipe/v2/@v/v2.4.1.zip": {
      "type": "sha256",
      "value": "26a6d0b21264b03e9f327164e9c9fce2f4c2daecf5d1482aa26e088b198dddc7"
    }
  }
}
