{
  "dependencies": {},
  "downloads": {
    "https://proxy.golang.org/github.com/arduino/arduino-cli/@v/v1.5.1.info": {
      "type": "sha256",
      "value": "3ade0b00eb3aa8bfffef51c741fa8828f5501c96636f4816fa613510b15884c9"
    },
    "https://proxy.golang.org/github.com/arduino/arduino-cli/@v/v1.5.1.zip": {
      "type": "sha256",
      "value": "c2dd36ddedf63ced343d9684224bd7ec42bbd3ed863f32a94bd11354440a5f96"
    }
  }
}
