{
  "dependencies": {},
  "downloads": {
    "https://proxy.golang.org/github.com/cli/cli/v2/@v/v2.86.0.info": {
      "type": "sha256",
      "value": "5573525451ca5ed7d63a8173ef879bb1c4a68f311646e186e99600c58d6df458"
    },
    "https://proxy.golang.org/github.com/cli/cli/v2/@v/v2.86.0.zip": {
      "type": "sha256",
      "value": "203ab36f657c950e99b8bbf5f49c3167012219c9b938934fc8b5c1ecde75127a"
    }
  }
}
