{
  "dependencies": {},
  "downloads": {
    "https://proxy.golang.org/github.com/cli/cli/v2/@v/v2.85.0.info": {
      "type": "sha256",
      "value": "e1f9fde9bd24b59e37d183316275266a04488c9ff45a9e65dea8a8a2aa287d93"
    },
    "https://proxy.golang.org/github.com/cli/cli/v2/@v/v2.85.0.zip": {
      "type": "sha256",
      "value": "815cadd22072f40e033ed8b9ec0da418ebf87a1ce52b5ac4387bd2f228858656"
    }
  }
}
