{
  "dependencies": {
    "rust": "1d19b3a0b14ba3a7abef2d061287fa4ccd85705ad1ca9483d78ed31a494698e5",
    "std": "234178677be46196ab837fb232fa4e9a3a77eb751385777e35b979c79a161bfd"
  },
  "git_refs": {
    "https://github.com/Feel-ix-343/markdown-oxide.git": {
      "v0.25.8": "9bcbda2558b834257502b4529594baf766224ea5"
    }
  }
}
