{
  "dependencies": {},
  "downloads": {
    "https://files.pythonhosted.org/packages/1b/d1/9babe2ccaecff775992753d8686970b1e2755d21c8a63be73aba7a4e7d77/wheel-0.44.0-py3-none-any.whl": {
      "type": "sha256",
      "value": "2376a90c98cc337d18623527a97c31797bd02bad0033d41547043a1cbfbe448f"
    },
    "https://files.pythonhosted.org/packages/ff/ae/f19306b5a221f6a436d8f2238d5b80925004093fa3edea59835b514d9057/setuptools-75.1.0-py3-none-any.whl": {
      "type": "sha256",
      "value": "35ab7fd3bcd95e6b7fd704e4a1539513edad446c097797f2985e0e4b960772f2"
    }
  },
  "git_refs": {
    "https://github.com/mesonbuild/meson.git": {
      "1.7.2": "082917b40c8416bde925c64d22a2e60b2c059120"
    }
  }
}
