{
  "dependencies": {},
  "downloads": {
    "https://files.pythonhosted.org/packages/5d/40/e1e72872c6354b306daef1703549e8e83b4d43cfea356311bf722a043752/setuptools-83.0.0-py3-none-any.whl": {
      "type": "sha256",
      "value": "29b23c360f22f414dc7336bb39178cc7bcbf6021ed2733cde173f09dba19abb3"
    }
  },
  "git_refs": {
    "https://github.com/mesonbuild/meson.git": {
      "1.11.2": "ff84a1ab2699385f67eea990260a20beb2b46c98"
    }
  }
}
