{
  "dependencies": {},
  "downloads": {
    "https://files.pythonhosted.org/packages/9d/76/f789f7a86709c6b087c5a2f52f911838cad707cc613162401badc665acfe/setuptools-82.0.1-py3-none-any.whl": {
      "type": "sha256",
      "value": "a59e362652f08dcd477c78bb6e7bd9d80a7995bc73ce773050228a348ce2e5bb"
    }
  },
  "git_refs": {
    "https://github.com/fonttools/fonttools.git": {
      "4.62.1": "da54a2924009c9a6497dad23f4a6be4a96a8b0e7"
    }
  }
}
