{
  "dependencies": {},
  "downloads": {
    "https://files.pythonhosted.org/packages/5d/40/e1e72872c6354b306daef1703549e8e83b4d43cfea356311bf722a043752/setuptools-83.0.0-py3-none-any.whl": {
      "type": "sha256",
      "value": "29b23c360f22f414dc7336bb39178cc7bcbf6021ed2733cde173f09dba19abb3"
    }
  },
  "git_refs": {
    "https://github.com/fonttools/fonttools.git": {
      "4.63.0": "978d9edccb60ea0e5fbad7015cb11817c3532328"
    }
  }
}
