{
  "dependencies": {},
  "downloads": {
    "https://proxy.golang.org/github.com/rusq/slackdump/v4/@v/v4.3.0.info": {
      "type": "sha256",
      "value": "a4583fa2d3b00efffc6f254dd2d7913baad0c411b7e536a986c5156005611e31"
    },
    "https://proxy.golang.org/github.com/rusq/slackdump/v4/@v/v4.3.0.zip": {
      "type": "sha256",
      "value": "466774b9277baa209fa9b17a85b7dbce82b63fe5d42234b41532f7f89f5b633b"
    }
  }
}
