{
  "dependencies": {},
  "downloads": {
    "https://proxy.golang.org/github.com/rusq/slackdump/v4/@v/v4.4.1.info": {
      "type": "sha256",
      "value": "307bc0d06170e0dfd9eebe86e56919e73dc0cb7563c08210b8e2ed67183f33cb"
    },
    "https://proxy.golang.org/github.com/rusq/slackdump/v4/@v/v4.4.1.zip": {
      "type": "sha256",
      "value": "01391c441d125bcdff765cb8f74bce0671fd9bc73f294677ac77936309327846"
    }
  }
}
