{
  "dependencies": {},
  "downloads": {
    "https://builds.dotnet.microsoft.com/dotnet/Sdk/10.0.401/dotnet-sdk-10.0.401-linux-arm64.tar.gz": {
      "type": "sha256",
      "value": "91d3d67f2ed065909bd2e1ba50a37192aff6df15178304939d5b55634d72da6a"
    },
    "https://builds.dotnet.microsoft.com/dotnet/Sdk/10.0.401/dotnet-sdk-10.0.401-linux-x64.tar.gz": {
      "type": "sha256",
      "value": "137268c8ad939c064ff1ee2a6fdf0899d8725377114ea012fbd1ad5fa2550418"
    },
    "https://builds.dotnet.microsoft.com/dotnet/Sdk/8.0.425/dotnet-sdk-8.0.425-linux-arm64.tar.gz": {
      "type": "sha256",
      "value": "1bd832a57b00b5c50fb10f847d79401d99175469d58241f92933dc14d253b57f"
    },
    "https://builds.dotnet.microsoft.com/dotnet/Sdk/8.0.425/dotnet-sdk-8.0.425-linux-x64.tar.gz": {
      "type": "sha256",
      "value": "ec2c55738f3aa16c58b2c0c565ce10ad6fea83925574a6f08c920ba62a39712b"
    },
    "https://builds.dotnet.microsoft.com/dotnet/Sdk/9.0.318/dotnet-sdk-9.0.318-linux-arm64.tar.gz": {
      "type": "sha256",
      "value": "632a9cfac485a60e49ced9bdc74f9172540ba4277771d5aeebb93bb12a0adce7"
    },
    "https://builds.dotnet.microsoft.com/dotnet/Sdk/9.0.318/dotnet-sdk-9.0.318-linux-x64.tar.gz": {
      "type": "sha256",
      "value": "1208e9faddbea2f3f82d4be5510c5cf5c88d61448328b13aed034bb85423b2a2"
    }
  }
}
