{
  "dependencies": {},
  "downloads": {
    "https://builds.dotnet.microsoft.com/dotnet/Sdk/10.0.400/dotnet-sdk-10.0.400-linux-arm64.tar.gz": {
      "type": "sha256",
      "value": "13c219bfd1ff00a886c1523a9c7027c4f24c1e730e653376d2b81f1435da5a59"
    },
    "https://builds.dotnet.microsoft.com/dotnet/Sdk/10.0.400/dotnet-sdk-10.0.400-linux-x64.tar.gz": {
      "type": "sha256",
      "value": "7ad9d2db01512e41fd580a0630321bb70cd062d7fe4c5badfb4ce81ec1eddbb8"
    },
    "https://builds.dotnet.microsoft.com/dotnet/Sdk/8.0.424/dotnet-sdk-8.0.424-linux-arm64.tar.gz": {
      "type": "sha256",
      "value": "fc86992aec3536e60383b4decbdfa762f16171b5d52e085d8c0a9491577f475d"
    },
    "https://builds.dotnet.microsoft.com/dotnet/Sdk/8.0.424/dotnet-sdk-8.0.424-linux-x64.tar.gz": {
      "type": "sha256",
      "value": "1a0f577b530d52e54c5a53ea0b578fd1ebe421b11bfbf9b29a5bdc413bdbad64"
    },
    "https://builds.dotnet.microsoft.com/dotnet/Sdk/9.0.317/dotnet-sdk-9.0.317-linux-arm64.tar.gz": {
      "type": "sha256",
      "value": "da23617938ef254946b171db128a5b3cbbf6949c8dc15a13cbc2cfcae9d5e8f9"
    },
    "https://builds.dotnet.microsoft.com/dotnet/Sdk/9.0.317/dotnet-sdk-9.0.317-linux-x64.tar.gz": {
      "type": "sha256",
      "value": "0bd1f4e2037c4a40dbe996217ef184ce17a43ede65b65cd0fc49c2ebad99ed04"
    }
  }
}
