{
  "dependencies": {},
  "downloads": {
    "https://proxy.golang.org/github.com/charmbracelet/gum/v2/@v/v2.0.1.info": {
      "type": "sha256",
      "value": "0a0856e8aecc22d130608bdb2c8670f946936fa218ebfd2bf03ed1eb5e7dc1d5"
    },
    "https://proxy.golang.org/github.com/charmbracelet/gum/v2/@v/v2.0.1.zip": {
      "type": "sha256",
      "value": "0e82dcd0a947aac468bca9e8f983c9d670962c60a354c6a980da753849905214"
    }
  }
}
