{
  "dependencies": {},
  "downloads": {
    "https://proxy.golang.org/github.com/noborus/ov/@v/v0.54.0.info": {
      "type": "sha256",
      "value": "a9dc1a87ea5fcb2f61b19a8f423e853eb2ce01a1bf6d50031362303a816064fe"
    },
    "https://proxy.golang.org/github.com/noborus/ov/@v/v0.54.0.zip": {
      "type": "sha256",
      "value": "2f3907e43c92cb6310d7615392fa7941606abbf8602340b20624544151c00ed8"
    }
  }
}
