{
  "dependencies": {},
  "downloads": {
    "https://proxy.golang.org/github.com/noborus/ov/@v/v0.53.0.info": {
      "type": "sha256",
      "value": "7d2ffef4789dce2cfe4d5d74f93c659a2f9e8a10250dcb8dc9a9a2aca2a56bc3"
    },
    "https://proxy.golang.org/github.com/noborus/ov/@v/v0.53.0.zip": {
      "type": "sha256",
      "value": "41b6fc019df9c737c463f89c9236d0957764ae75f6bebc6f852d98c3d7cab022"
    }
  }
}
