{
  "dependencies": {},
  "downloads": {
    "https://github.com/LukeMathWalker/cargo-chef/releases/download/v0.1.67/cargo-chef-x86_64-unknown-linux-musl.tar.gz": {
      "type": "sha256",
      "value": "91b518df5c8b02775026875f3aadef1946464354db1ca0758e4912249578f0bc"
    },
    "https://static.rust-lang.org/dist/channel-rust-1.80.1.toml": {
      "type": "sha256",
      "value": "de354821fe573e7514d4245a4f20223b45c755b265d76312c777ae7135c28ed1"
    }
  }
}
