{
  "dependencies": {},
  "downloads": {
    "https://github.com/LukeMathWalker/cargo-chef/releases/download/v0.1.67/cargo-chef-x86_64-unknown-linux-musl.tar.gz": {
      "type": "sha256",
      "value": "91b518df5c8b02775026875f3aadef1946464354db1ca0758e4912249578f0bc"
    },
    "https://static.rust-lang.org/dist/channel-rust-1.85.0.toml": {
      "type": "sha256",
      "value": "009e8b5ff43f12bf644b5e5b9fd89f96453072062a450c623882f64e85405da5"
    }
  }
}
