{
  "dependencies": {},
  "downloads": {
    "https://proxy.golang.org/github.com/open-policy-agent/opa/@v/v1.12.0.info": {
      "type": "sha256",
      "value": "e9f471c4a5adf27fa8d06daaacf7e4e04e8ce5a8d9ccc0f9e061a2bdc61d59ba"
    },
    "https://proxy.golang.org/github.com/open-policy-agent/opa/@v/v1.12.0.zip": {
      "type": "sha256",
      "value": "dbc3bd60b46a12200d5fcdbe6f2daf66172bf3c14c8a0e17f2eaafb41f21a8ad"
    }
  }
}
