{
  "dependencies": {},
  "downloads": {
    "https://proxy.golang.org/github.com/open-policy-agent/opa/@v/v1.19.0.info": {
      "type": "sha256",
      "value": "3e518a13f9a4bccbd7785a8901862b7061945120ae84446926684e90b2bd326d"
    },
    "https://proxy.golang.org/github.com/open-policy-agent/opa/@v/v1.19.0.zip": {
      "type": "sha256",
      "value": "70d07bec2c2da760f389d0daa930c19319d873513387861db77d1aef766182dd"
    }
  }
}
