{
  "dependencies": {},
  "downloads": {
    "https://nodejs.org/dist/v20.19.4/node-v20.19.4-linux-arm64.tar.xz": {
      "type": "sha256",
      "value": "4492c29882f604eb4cba6ce52ad2e6436f4eeb2b2917a74b0f85e6e42e261252"
    },
    "https://nodejs.org/dist/v20.19.4/node-v20.19.4-linux-x64.tar.xz": {
      "type": "sha256",
      "value": "7a488a09e2fc02fbd1bc4ae084bea8a589314f741c182fc02c5f3f07c79a29d4"
    },
    "https://nodejs.org/dist/v22.18.0/node-v22.18.0-linux-arm64.tar.xz": {
      "type": "sha256",
      "value": "04fca1b9afecf375f26b41d65d52aa1703a621abea5a8948c7d1e351e85edade"
    },
    "https://nodejs.org/dist/v22.18.0/node-v22.18.0-linux-x64.tar.xz": {
      "type": "sha256",
      "value": "c1bfeecf1d7404fa74728f9db72e697decbd8119ccc6f5a294d795756dfcfca7"
    },
    "https://nodejs.org/dist/v24.5.0/node-v24.5.0-linux-arm64.tar.xz": {
      "type": "sha256",
      "value": "313367534186a8551d68b39fbc2a6cc36638e583fb5dc75dcf5da3c6582bff3b"
    },
    "https://nodejs.org/dist/v24.5.0/node-v24.5.0-linux-x64.tar.xz": {
      "type": "sha256",
      "value": "32edb1f2aeaf8ea0d484af33bf3b5d8330d7d33c9cd8c70f811b8a643822e613"
    }
  }
}
