{
  "dependencies": {},
  "downloads": {
    "https://nodejs.org/dist/v22.17.0/node-v22.17.0-linux-arm64.tar.xz": {
      "type": "sha256",
      "value": "140aee84be6774f5fb3f404be72adbe8420b523f824de82daeb5ab218dab7b18"
    },
    "https://nodejs.org/dist/v22.17.0/node-v22.17.0-linux-x64.tar.xz": {
      "type": "sha256",
      "value": "325c0f1261e0c61bcae369a1274028e9cfb7ab7949c05512c5b1e630f7e80e12"
    },
    "https://nodejs.org/dist/v24.2.0/node-v24.2.0-linux-arm64.tar.xz": {
      "type": "sha256",
      "value": "cd4f25d2f05d0750159a209915267af6f9970ade4702a8810641120404bf54ee"
    },
    "https://nodejs.org/dist/v24.2.0/node-v24.2.0-linux-x64.tar.xz": {
      "type": "sha256",
      "value": "91a0794f4dbc94bc4a9296139ed9101de21234982bae2b325e37ebd3462273e5"
    }
  }
}
