{
  "dependencies": {},
  "downloads": {
    "https://nodejs.org/dist/v20.19.4/node-v20.19.4-linux-arm64.tar.xz": {
      "type": "sha256",
      "value": "4492c29882f604eb4cba6ce52ad2e6436f4eeb2b2917a74b0f85e6e42e261252"
    },
    "https://nodejs.org/dist/v20.19.4/node-v20.19.4-linux-x64.tar.xz": {
      "type": "sha256",
      "value": "7a488a09e2fc02fbd1bc4ae084bea8a589314f741c182fc02c5f3f07c79a29d4"
    },
    "https://nodejs.org/dist/v22.17.1/node-v22.17.1-linux-arm64.tar.xz": {
      "type": "sha256",
      "value": "a5bb879af2fe70e7b5dc5e0bbadecba88e87f45bd8e62c0c57b5c815a4cbbaa6"
    },
    "https://nodejs.org/dist/v22.17.1/node-v22.17.1-linux-x64.tar.xz": {
      "type": "sha256",
      "value": "ff04bc7c3ed7699ceb708dbaaf3580d899ff8bf67f17114f979e83aa74fc5a49"
    },
    "https://nodejs.org/dist/v24.4.1/node-v24.4.1-linux-arm64.tar.xz": {
      "type": "sha256",
      "value": "555659c36fc72d0617e278b5d26ffcaebc3760a3de354926b1e5f1b0bfd66083"
    },
    "https://nodejs.org/dist/v24.4.1/node-v24.4.1-linux-x64.tar.xz": {
      "type": "sha256",
      "value": "7e067b13cd0dc7ee8b239f4ebe1ae54f3bba3a6e904553fcb5f581530eb8306d"
    }
  }
}
