{
  "dependencies": {},
  "downloads": {
    "https://proxy.golang.org/github.com/golangci/golangci-lint/v2/@v/v2.9.0.info": {
      "type": "sha256",
      "value": "bd6656a31ee4af0b6df6719f8000ae8c1d1b312997a6e45addcb2d8c0e2d9c2d"
    },
    "https://proxy.golang.org/github.com/golangci/golangci-lint/v2/@v/v2.9.0.zip": {
      "type": "sha256",
      "value": "b265e5e26394bab309b2d31970e2fdf22795c996d261071fbbea4d46b9687401"
    }
  }
}
