{
  "dependencies": {},
  "downloads": {
    "https://proxy.golang.org/github.com/golangci/golangci-lint/v2/@v/v2.7.2.info": {
      "type": "sha256",
      "value": "13e7687c5caae40a57d9ee03187c0c1de4e5a5e81832cef0b4193293ad8922d0"
    },
    "https://proxy.golang.org/github.com/golangci/golangci-lint/v2/@v/v2.7.2.zip": {
      "type": "sha256",
      "value": "4bab6fedf8c25b6134484b1ebe09d6f8ed1019d1c0d42038f22cb221e0684d17"
    }
  }
}
