{
  "dependencies": {},
  "downloads": {
    "https://proxy.golang.org/github.com/golangci/golangci-lint/v2/@v/v2.11.3.info": {
      "type": "sha256",
      "value": "2124450c6c6a354cf2f86aabc6c3fd95983782aba75e369c895e182e5d7f748c"
    },
    "https://proxy.golang.org/github.com/golangci/golangci-lint/v2/@v/v2.11.3.zip": {
      "type": "sha256",
      "value": "889873be700b134844eb5749dfd65f1231671450e07e19dd88731421dbfb7d2e"
    }
  }
}
