{
  "dependencies": {},
  "downloads": {
    "https://proxy.golang.org/github.com/iximiuz/cdebug/@v/v0.0.18.info": {
      "type": "sha256",
      "value": "3517ef58b8c4c74afb44b2d2132b4693101d156f58067dcee49fadc26726b20b"
    },
    "https://proxy.golang.org/github.com/iximiuz/cdebug/@v/v0.0.18.zip": {
      "type": "sha256",
      "value": "eac76a00d628059fa5c7eb548cd16be2fec9a7a107c5d260baba8e3571865106"
    }
  }
}
