{
  "dependencies": {},
  "downloads": {
    "https://proxy.golang.org/github.com/iximiuz/cdebug/@v/v0.0.19.info": {
      "type": "sha256",
      "value": "1322310528b51ca8a3cdcfb9d278cad8d05cf595445a067af75bec7dd397c996"
    },
    "https://proxy.golang.org/github.com/iximiuz/cdebug/@v/v0.0.19.zip": {
      "type": "sha256",
      "value": "7beadda0f6562b64271b6fd1b330ce579ca9e80e63077d6f6eb0e78bb7d0812d"
    }
  }
}
