{
  "dependencies": {},
  "downloads": {
    "https://files.pythonhosted.org/packages/5d/40/e1e72872c6354b306daef1703549e8e83b4d43cfea356311bf722a043752/setuptools-83.0.0-py3-none-any.whl": {
      "type": "sha256",
      "value": "29b23c360f22f414dc7336bb39178cc7bcbf6021ed2733cde173f09dba19abb3"
    },
    "https://github.com/llvm/llvm-project/releases/download/llvmorg-22.1.8/llvm-project-22.1.8.src.tar.xz": {
      "type": "sha256",
      "value": "922f1817a0df7b1489272d18134ee0087a8b068828f87ac63b9861b1a9965888"
    }
  }
}
