{
  "dependencies": {},
  "downloads": {
    "https://files.pythonhosted.org/packages/9d/76/f789f7a86709c6b087c5a2f52f911838cad707cc613162401badc665acfe/setuptools-82.0.1-py3-none-any.whl": {
      "type": "sha256",
      "value": "a59e362652f08dcd477c78bb6e7bd9d80a7995bc73ce773050228a348ce2e5bb"
    },
    "https://github.com/llvm/llvm-project/releases/download/llvmorg-22.1.5/llvm-project-22.1.5.src.tar.xz": {
      "type": "sha256",
      "value": "7972b87b705a003ce70ab55f9f0fb495d156887cba0eb296d284731139118e2c"
    }
  }
}
