{
  "dependencies": {},
  "downloads": {
    "https://github.com/Mbed-TLS/mbedtls/releases/download/mbedtls-3.6.7/mbedtls-3.6.7.tar.bz2": {
      "type": "sha256",
      "value": "a7e8bcbec0e6f761b4af24f25677626b35f762f68eef79c08677a363212d11f6"
    },
    "https://github.com/Mbed-TLS/mbedtls/releases/download/mbedtls-4.2.0/mbedtls-4.2.0.tar.bz2": {
      "type": "sha256",
      "value": "2bed9d713b4668f76553b097e72b8aa30bc8f112a940d7ae228d524bbde6ffea"
    }
  }
}
