{
  "dependencies": {},
  "downloads": {
    "https://proxy.golang.org/github.com/chainguard-dev/melange/@v/v0.53.3.info": {
      "type": "sha256",
      "value": "202218e0db6cfcf815c655131c559564c6d6a512cca3eca6be636832c82d384c"
    },
    "https://proxy.golang.org/github.com/chainguard-dev/melange/@v/v0.53.3.zip": {
      "type": "sha256",
      "value": "9354889d3933e6f522b393cbd128562fb4d5bbdd973ae2657d19cd6aef619849"
    }
  }
}
