{
  "dependencies": {},
  "downloads": {
    "https://proxy.golang.org/github.com/chainguard-dev/melange/@v/v0.40.0.info": {
      "type": "sha256",
      "value": "b6cd725a4f63cb6fc4feaf5c3f2176a49391d16881f0997a952b848bb34f8ef8"
    },
    "https://proxy.golang.org/github.com/chainguard-dev/melange/@v/v0.40.0.zip": {
      "type": "sha256",
      "value": "98b74207e09a9cecbd911d222d22475652ba6cc78aec75187cd102f8b44402b4"
    }
  }
}
