{
  "dependencies": {},
  "downloads": {
    "https://proxy.golang.org/github.com/chainguard-dev/melange/@v/v0.50.6.info": {
      "type": "sha256",
      "value": "91131e1c798c5a88d8d94193b6d5ceeeaa62ab76a45fd3da41496e423006f4fb"
    },
    "https://proxy.golang.org/github.com/chainguard-dev/melange/@v/v0.50.6.zip": {
      "type": "sha256",
      "value": "adef8885239637f058267014e1a1abc04a5c590e80155562f55ac4354f8e20ee"
    }
  }
}
