{
  "dependencies": {},
  "downloads": {
    "https://proxy.golang.org/github.com/argoproj/argo-cd/v3/@v/v3.2.1.info": {
      "type": "sha256",
      "value": "b707bdd346e8e75d5ebefdfe77c1b8506201a3f08f33795bdc9ab068caa455c0"
    },
    "https://proxy.golang.org/github.com/argoproj/argo-cd/v3/@v/v3.2.1.zip": {
      "type": "sha256",
      "value": "f6b2f9c62bd3ccc8f7b10d860c04f1880278b7dfe78073d576f6a8c04dacbe93"
    }
  }
}
