{
  "dependencies": {},
  "downloads": {
    "https://files.pythonhosted.org/packages/9d/76/f789f7a86709c6b087c5a2f52f911838cad707cc613162401badc665acfe/setuptools-82.0.1-py3-none-any.whl": {
      "type": "sha256",
      "value": "a59e362652f08dcd477c78bb6e7bd9d80a7995bc73ce773050228a348ce2e5bb"
    },
    "https://files.pythonhosted.org/packages/source/c/cython/cython-3.2.4.tar.gz": {
      "type": "sha256",
      "value": "84226ecd313b233da27dc2eb3601b4f222b8209c3a7216d8733b031da1dc64e6"
    }
  }
}
