{
  "dependencies": {},
  "downloads": {
    "https://proxy.golang.org/github.com/rqlite/rqlite/v9/@v/v9.3.6.info": {
      "type": "sha256",
      "value": "77c91c87834d9c797ed9c4d560722ed4ff65cc726d40385db71796d9cf2ed6b7"
    },
    "https://proxy.golang.org/github.com/rqlite/rqlite/v9/@v/v9.3.6.zip": {
      "type": "sha256",
      "value": "e637695b1bb51e190a163de7bc29eeab7c5a5a097cde8c1dd84469146c6367f4"
    }
  }
}
