{
  "dependencies": {},
  "downloads": {
    "https://proxy.golang.org/github.com/rqlite/rqlite/v10/@v/v10.2.0.info": {
      "type": "sha256",
      "value": "1c9f59171f0ffa138cd72766c7d5890cd5345b249ccb5d1ab2af8511da2dbbb9"
    },
    "https://proxy.golang.org/github.com/rqlite/rqlite/v10/@v/v10.2.0.zip": {
      "type": "sha256",
      "value": "5252b4968ac8bade5c317882964521b8ece8910f5fbdaa53f279fd9b67178772"
    }
  }
}
