{
  "dependencies": {},
  "downloads": {
    "https://proxy.golang.org/sigs.k8s.io/aws-iam-authenticator/@v/v0.7.12.info": {
      "type": "sha256",
      "value": "6872629194488f11f1dcb92dbeb18938d0b8197ea562de74bf47e1b03420a997"
    },
    "https://proxy.golang.org/sigs.k8s.io/aws-iam-authenticator/@v/v0.7.12.zip": {
      "type": "sha256",
      "value": "d9eaba993b91bf41bc2e8ee71bc63ffdaee53ba8ecc89a7a4d135bffdb7728ee"
    }
  }
}
