{
  "dependencies": {},
  "downloads": {
    "https://proxy.golang.org/sigs.k8s.io/aws-iam-authenticator/@v/v0.7.15.info": {
      "type": "sha256",
      "value": "a08c0e20e0196df1233605a698fd3427eb0112f51c5657d17b53eaa262a7cace"
    },
    "https://proxy.golang.org/sigs.k8s.io/aws-iam-authenticator/@v/v0.7.15.zip": {
      "type": "sha256",
      "value": "a60801391e2439cef8be788546baf8c32c86fb125b7b1a730c72960624c5f495"
    }
  }
}
