{
  "dependencies": {},
  "downloads": {
    "https://github.com/openai/codex/releases/download/rust-v0.154.0/codex-aarch64-unknown-linux-musl.tar.gz": {
      "type": "sha256",
      "value": "583b48df32804213bdcd338c2e5adb06b34340821fa757a726cc0a524fa33c27"
    },
    "https://github.com/openai/codex/releases/download/rust-v0.154.0/codex-x86_64-unknown-linux-musl.tar.gz": {
      "type": "sha256",
      "value": "d7e18b2597ae8f242f5f31ee9e90deef48dbc9edd634d9868fb6435d08c07f02"
    }
  }
}
