{
  "dependencies": {},
  "downloads": {
    "https://proxy.golang.org/github.com/alebeck/boring/@v/v0.16.1.info": {
      "type": "sha256",
      "value": "77d1c248eadfcfee6fe0ca97991b43b93ab4f55b175c226fadb300f5d9dd2a85"
    },
    "https://proxy.golang.org/github.com/alebeck/boring/@v/v0.16.1.zip": {
      "type": "sha256",
      "value": "e7391cfba78d22239378e9d5fdadf8d6a31543a25275a5b07ba45296637dd479"
    }
  }
}
