{
  "dependencies": {},
  "downloads": {
    "https://proxy.golang.org/github.com/goreleaser/goreleaser/v2/@v/v2.17.1.info": {
      "type": "sha256",
      "value": "adc297648634ec3d326a559d1387bc48891a48d199f6d98f80b6744ca7ebb02e"
    },
    "https://proxy.golang.org/github.com/goreleaser/goreleaser/v2/@v/v2.17.1.zip": {
      "type": "sha256",
      "value": "a79d80a0974576660aef8f60e792481e5f921f738ef92509d8b9bc78c7f0f59e"
    }
  }
}
