{
  "dependencies": {},
  "downloads": {
    "https://proxy.golang.org/github.com/goreleaser/goreleaser/v2/@v/v2.15.4.info": {
      "type": "sha256",
      "value": "304129b89f7b1cda7c3ca236d7f9c5923cd17b87d529d0f06827c6fb71e3681d"
    },
    "https://proxy.golang.org/github.com/goreleaser/goreleaser/v2/@v/v2.15.4.zip": {
      "type": "sha256",
      "value": "5587d3b2dfd5cd413964c6301cb79fff77e239015abc53a446e0826825bc55dc"
    }
  }
}
