{
  "dependencies": {},
  "downloads": {
    "https://proxy.golang.org/github.com/goreleaser/goreleaser/v2/@v/v2.17.0.info": {
      "type": "sha256",
      "value": "0cd6fc206c70c785e791bfd37801272621ba36e909167366936e50ab85df8c55"
    },
    "https://proxy.golang.org/github.com/goreleaser/goreleaser/v2/@v/v2.17.0.zip": {
      "type": "sha256",
      "value": "931a2edc83ae86b192143d6b1e4d7043826929704331617ba294960b291d3876"
    }
  }
}
