{
  "dependencies": {},
  "downloads": {
    "https://proxy.golang.org/github.com/navidrome/navidrome/@v/v0.64.0.info": {
      "type": "sha256",
      "value": "4f32ac6ac1b17a86b172afd8140a5c6858ec77b69b3edfe0196926cce5a1da6d"
    },
    "https://proxy.golang.org/github.com/navidrome/navidrome/@v/v0.64.0.zip": {
      "type": "sha256",
      "value": "8b01a5be1899d53a94d204cf9a5804a0803b68b51590f9fad7044f1863f25378"
    }
  }
}
