{
  "dependencies": {},
  "downloads": {
    "https://proxy.golang.org/github.com/navidrome/navidrome/@v/v0.62.0.info": {
      "type": "sha256",
      "value": "b4ca6059d76ffa84395abacd141516f40c3626e83a2da58be459966898abe511"
    },
    "https://proxy.golang.org/github.com/navidrome/navidrome/@v/v0.62.0.zip": {
      "type": "sha256",
      "value": "12bc5589db69873507d633ee8fce53c1afe5f51f31b24be472895b7a04649a79"
    }
  }
}
