{
  "dependencies": {},
  "downloads": {
    "https://proxy.golang.org/github.com/navidrome/navidrome/@v/v0.61.1.info": {
      "type": "sha256",
      "value": "f290198180a355f8853da2a842e8fdbd766ec7254db31aa03090dfa6efbba7e6"
    },
    "https://proxy.golang.org/github.com/navidrome/navidrome/@v/v0.61.1.zip": {
      "type": "sha256",
      "value": "d1b2e5e8c7c2ce1090b714d8ca9241c7d7e07838b1739e60d64c3575fd976c92"
    }
  }
}
