{
  "dependencies": {},
  "downloads": {
    "https://proxy.golang.org/github.com/safedep/vet/@v/v1.17.4.info": {
      "type": "sha256",
      "value": "3ad131ac6fc4777e4ea4de4d3484e115429c35ca90709c2fd6218569faef8f3c"
    },
    "https://proxy.golang.org/github.com/safedep/vet/@v/v1.17.4.zip": {
      "type": "sha256",
      "value": "c65816f772f70a86cc43c6fa9a36ffc0e1ce3211d9ad7fafbd237d52850c861a"
    }
  }
}
