{
  "dependencies": {},
  "downloads": {
    "https://proxy.golang.org/github.com/safedep/vet/@v/v1.17.2.info": {
      "type": "sha256",
      "value": "6a277dce86a7ac247232eab71836bcfa7d19ec6552dc3f66b36a1e1273ea6382"
    },
    "https://proxy.golang.org/github.com/safedep/vet/@v/v1.17.2.zip": {
      "type": "sha256",
      "value": "4b70c711f7e8f29a7baa4e3f35945bf838be2e94c7c59738cb28390ba26896b9"
    }
  }
}
