{
  "dependencies": {},
  "downloads": {
    "https://proxy.golang.org/github.com/hashicorp/packer/@v/v1.16.0.info": {
      "type": "sha256",
      "value": "0e5cfcf9e006219090fe55bac04080de847603180e40fde4646720a66308b152"
    },
    "https://proxy.golang.org/github.com/hashicorp/packer/@v/v1.16.0.zip": {
      "type": "sha256",
      "value": "99983a3acc8ffe88dd667832ca434d0649ce4962ca3af3ff3ec199d52f935e4e"
    }
  }
}
