{
  "dependencies": {},
  "downloads": {
    "https://proxy.golang.org/github.com/hashicorp/packer/@v/v1.15.4.info": {
      "type": "sha256",
      "value": "96dbdbe6ac547e57a638b180186a2930c2430c59ae670dba95fab98aaf850076"
    },
    "https://proxy.golang.org/github.com/hashicorp/packer/@v/v1.15.4.zip": {
      "type": "sha256",
      "value": "b6d2674a309396ba0b0450fd25c6b60f01cf9dedbe8df56cd6b7960c8b0b57c8"
    }
  }
}
