{
  "dependencies": {},
  "downloads": {
    "https://download.gnome.org/sources/gobject-introspection/1.86/gobject-introspection-1.86.0.tar.xz": {
      "type": "sha256",
      "value": "920d1a3fcedeadc32acff95c2e203b319039dd4b4a08dd1a2dfd283d19c0b9ae"
    },
    "https://files.pythonhosted.org/packages/5d/40/e1e72872c6354b306daef1703549e8e83b4d43cfea356311bf722a043752/setuptools-83.0.0-py3-none-any.whl": {
      "type": "sha256",
      "value": "29b23c360f22f414dc7336bb39178cc7bcbf6021ed2733cde173f09dba19abb3"
    }
  }
}
