{
  "dependencies": {},
  "downloads": {
    "https://download.gnome.org/sources/gobject-introspection/1.86/gobject-introspection-1.86.0.tar.xz": {
      "type": "sha256",
      "value": "920d1a3fcedeadc32acff95c2e203b319039dd4b4a08dd1a2dfd283d19c0b9ae"
    },
    "https://files.pythonhosted.org/packages/9d/76/f789f7a86709c6b087c5a2f52f911838cad707cc613162401badc665acfe/setuptools-82.0.1-py3-none-any.whl": {
      "type": "sha256",
      "value": "a59e362652f08dcd477c78bb6e7bd9d80a7995bc73ce773050228a348ce2e5bb"
    }
  }
}
