{
  "dependencies": {},
  "downloads": {
    "https://proxy.golang.org/github.com/versity/versitygw/@v/v1.8.0.info": {
      "type": "sha256",
      "value": "7997563b6ca07f3c2813507ef72b970fc1459771d2289cbcede5900904cf6ee7"
    },
    "https://proxy.golang.org/github.com/versity/versitygw/@v/v1.8.0.zip": {
      "type": "sha256",
      "value": "84bf3989293cfa26852e684992b62a9ff05cda8d93b9290ccdec30ca8ce96250"
    }
  }
}
