{
  "dependencies": {},
  "downloads": {
    "https://proxy.golang.org/github.com/versity/versitygw/@v/v1.7.0.info": {
      "type": "sha256",
      "value": "d24e74d19a4c196610e637f8ea09d2cc1ab7a58aeb2cd8c61f08161c98b66967"
    },
    "https://proxy.golang.org/github.com/versity/versitygw/@v/v1.7.0.zip": {
      "type": "sha256",
      "value": "c4cfa13627233fcccc0927cee60bf041e4dde3e5bb0476a7a90590609349226b"
    }
  }
}
