{
  "dependencies": {},
  "downloads": {
    "https://proxy.golang.org/github.com/coredns/coredns/@v/v1.14.4.info": {
      "type": "sha256",
      "value": "bfc439bdd48e69ff1c55c5f451206de58710dee2ccad70f36964b891fd80a439"
    },
    "https://proxy.golang.org/github.com/coredns/coredns/@v/v1.14.4.zip": {
      "type": "sha256",
      "value": "a54386c83714d4864b18c86d5d55691e25c2fcbcc4dcea75e88da2d8ac25e218"
    }
  }
}
