{
  "dependencies": {},
  "downloads": {
    "https://proxy.golang.org/github.com/coredns/coredns/@v/v1.14.7.info": {
      "type": "sha256",
      "value": "dfb76d4174b8efdf73ce4162e1d652dc81d626822ca3dea00a37e8f72c68387e"
    },
    "https://proxy.golang.org/github.com/coredns/coredns/@v/v1.14.7.zip": {
      "type": "sha256",
      "value": "50f316f493790f97b03670866bce134499eb772a730ef87f3863be9ec53b5424"
    }
  }
}
