{
  "dependencies": {},
  "downloads": {
    "https://proxy.golang.org/github.com/coredns/coredns/@v/v1.14.2.info": {
      "type": "sha256",
      "value": "ae2523da33b62c461f66a9800d60c6410bb01089d839440445ba2a72277e43ea"
    },
    "https://proxy.golang.org/github.com/coredns/coredns/@v/v1.14.2.zip": {
      "type": "sha256",
      "value": "a0222780c0c613ba35170436c4dcab38cb861d878a1a4a697d97f4ba95645ac6"
    }
  }
}
