{
  "dependencies": {},
  "downloads": {
    "https://proxy.golang.org/github.com/daveshanley/vacuum/@v/v0.22.0.info": {
      "type": "sha256",
      "value": "39c4ab46ae5093e85632dc2b01702e664909a92a2656577c29032ec3eed555fd"
    },
    "https://proxy.golang.org/github.com/daveshanley/vacuum/@v/v0.22.0.zip": {
      "type": "sha256",
      "value": "bb0a4f1543ca0ae6f4692ef6554d3157c0c99b735641297a030fa757b7947978"
    }
  }
}
