{
  "dependencies": {},
  "downloads": {
    "https://proxy.golang.org/github.com/daveshanley/vacuum/@v/v0.20.4.info": {
      "type": "sha256",
      "value": "c5ace32ade97762e1fcddf34c801ea286b925db01357335781e26035a99cc4f5"
    },
    "https://proxy.golang.org/github.com/daveshanley/vacuum/@v/v0.20.4.zip": {
      "type": "sha256",
      "value": "5095071bc2b00441d9ee1db22d54287d3324be5f634c88ec55967df06d6cc9c0"
    }
  }
}
