{
  "dependencies": {},
  "downloads": {
    "https://proxy.golang.org/github.com/daveshanley/vacuum/@v/v0.29.9.info": {
      "type": "sha256",
      "value": "6c1ed8535ad449bf1bef0fb4c9c377255847e46c758e7667ceff7d892506acdc"
    },
    "https://proxy.golang.org/github.com/daveshanley/vacuum/@v/v0.29.9.zip": {
      "type": "sha256",
      "value": "2611ec058e5d406646d2bbed9343e58b42f68b964b09ba9422a5177c66b54aa4"
    }
  }
}
