{
  "dependencies": {},
  "downloads": {
    "https://proxy.golang.org/github.com/cert-manager/cmctl/v2/@v/v2.5.0.info": {
      "type": "sha256",
      "value": "d75e9bb698204abd2b65c9c4a45b091881177ac4466837ff2300b6f986128c6a"
    },
    "https://proxy.golang.org/github.com/cert-manager/cmctl/v2/@v/v2.5.0.zip": {
      "type": "sha256",
      "value": "48b603483fd668880365970887dfd31ece87bc84e17b4d8ffb6a0761e40b5d6b"
    }
  }
}
