{
  "dependencies": {},
  "downloads": {
    "https://proxy.golang.org/github.com/cert-manager/cmctl/v2/@v/v2.4.0.info": {
      "type": "sha256",
      "value": "6bb84ded4eb0b20cb5adb4322aa45d990ddc66ca60232a1fb2e84ded094dbe65"
    },
    "https://proxy.golang.org/github.com/cert-manager/cmctl/v2/@v/v2.4.0.zip": {
      "type": "sha256",
      "value": "1ef7b47a868965a6b568bf5d8da551b27912cd6c28a98fb35a53cd4b69e81d85"
    }
  }
}
