{
  "dependencies": {},
  "downloads": {
    "https://proxy.golang.org/github.com/cert-manager/cmctl/v2/@v/v2.4.1.info": {
      "type": "sha256",
      "value": "e8c977ca4fbddf7fa9c0af343eebb5201c6420e76f34111dd520891c1b526fc3"
    },
    "https://proxy.golang.org/github.com/cert-manager/cmctl/v2/@v/v2.4.1.zip": {
      "type": "sha256",
      "value": "943db285ee0dd3e8145ee473d7d2eb974c6abb0079ead4f0f1bcfe4a1e2a7311"
    }
  }
}
