{
  "dependencies": {},
  "downloads": {
    "https://proxy.golang.org/github.com/securego/gosec/v2/@v/v2.23.0.info": {
      "type": "sha256",
      "value": "1ee9670e9dda5ba2cc0c2a09f300034565575ec4369b31672792f3a7c1885ad1"
    },
    "https://proxy.golang.org/github.com/securego/gosec/v2/@v/v2.23.0.zip": {
      "type": "sha256",
      "value": "70d4abe4f83a32bcf56e157d0b4af850135c63840b4e1791ae4358ffe4aca7e4"
    }
  }
}
