{
  "dependencies": {},
  "downloads": {
    "https://proxy.golang.org/github.com/securego/gosec/v2/@v/v2.29.0.info": {
      "type": "sha256",
      "value": "ed5a2bf1934e815387a8635d4cf5e16c2ffd6df05b18e865284dd5ed7d06518c"
    },
    "https://proxy.golang.org/github.com/securego/gosec/v2/@v/v2.29.0.zip": {
      "type": "sha256",
      "value": "82c71cdaf3e79c6e0895f646eb0328077e81d4b3f2716a0e86dc1cb98d48042f"
    }
  }
}
