{
  "dependencies": {},
  "downloads": {
    "https://proxy.golang.org/github.com/nxtrace/!n!trace-core/@v/v1.6.5.info": {
      "type": "sha256",
      "value": "beb72ac68bed45e02e8769fe31f44c810316fca176d71d0b9929b60e0da3c4fe"
    },
    "https://proxy.golang.org/github.com/nxtrace/!n!trace-core/@v/v1.6.5.zip": {
      "type": "sha256",
      "value": "7a9d97462b5c510f63250ee3d0819602e1d7a770120c44ac6a85560821e4da18"
    }
  }
}
