{
  "dependencies": {},
  "downloads": {
    "https://proxy.golang.org/github.com/nxtrace/!n!trace-core/@v/v1.7.3.info": {
      "type": "sha256",
      "value": "2a4149e58427d3e79f4e6d07d5fa5f1ca3a7f25e7d88ab570cbe4bfc0f4d13ee"
    },
    "https://proxy.golang.org/github.com/nxtrace/!n!trace-core/@v/v1.7.3.zip": {
      "type": "sha256",
      "value": "17137feed7b6a6e13c9360b9649ac9dba42ac4823a748757a0666b8804287c09"
    }
  }
}
