{
  "dependencies": {},
  "downloads": {
    "https://proxy.golang.org/github.com/devnullvoid/pvetui/@v/v1.4.1.info": {
      "type": "sha256",
      "value": "30ce4331cedfa453afca25742a29042e288338551fb96e50ecb14bf57dc02aa2"
    },
    "https://proxy.golang.org/github.com/devnullvoid/pvetui/@v/v1.4.1.zip": {
      "type": "sha256",
      "value": "2841027af867d0fdcd80f8b6c58ef9ae6734cdd4933ae61a53bab14cd682bd88"
    }
  }
}
