{
  "dependencies": {},
  "downloads": {
    "https://proxy.golang.org/github.com/devnullvoid/pvetui/@v/v1.4.3.info": {
      "type": "sha256",
      "value": "4d1ca48693bcf97fc61f66f33d50d29bf297adbb41b682315d8ce5acd3e01a88"
    },
    "https://proxy.golang.org/github.com/devnullvoid/pvetui/@v/v1.4.3.zip": {
      "type": "sha256",
      "value": "8b6370b9b34933ef147329e1c29cc5c21fc45dee4a3260c938faa98e71eb17f9"
    }
  }
}
