{
  "dependencies": {},
  "downloads": {
    "https://files.pythonhosted.org/packages/9d/76/f789f7a86709c6b087c5a2f52f911838cad707cc613162401badc665acfe/setuptools-82.0.1-py3-none-any.whl": {
      "type": "sha256",
      "value": "a59e362652f08dcd477c78bb6e7bd9d80a7995bc73ce773050228a348ce2e5bb"
    },
    "https://gnupg.org/ftp/gcrypt/gpgmepy/gpgmepy-2.0.0.tar.bz2": {
      "type": "sha256",
      "value": "07e1265648ff51da238c9af7a18b3f1dc7b0c66b4f21a72f27c74b396cd3336d"
    }
  }
}
