{
  "dependencies": {},
  "downloads": {
    "https://files.pythonhosted.org/packages/5d/40/e1e72872c6354b306daef1703549e8e83b4d43cfea356311bf722a043752/setuptools-83.0.0-py3-none-any.whl": {
      "type": "sha256",
      "value": "29b23c360f22f414dc7336bb39178cc7bcbf6021ed2733cde173f09dba19abb3"
    },
    "https://gnupg.org/ftp/gcrypt/gpgmepy/gpgmepy-2.0.0.tar.bz2": {
      "type": "sha256",
      "value": "07e1265648ff51da238c9af7a18b3f1dc7b0c66b4f21a72f27c74b396cd3336d"
    }
  }
}
