{
  "dependencies": {},
  "downloads": {
    "https://files.pythonhosted.org/packages/01/10/c9f7ca739ab0956f8dc8737e6318b9812745589ed1e3f6fdfb6a5d64f58a/poetry_core-2.3.1-py3-none-any.whl": {
      "type": "sha256",
      "value": "db1cf63b782570deb38bfba61e2304a553eef0740dc17959a50cc0f5115ee634"
    },
    "https://files.pythonhosted.org/packages/9d/76/f789f7a86709c6b087c5a2f52f911838cad707cc613162401badc665acfe/setuptools-82.0.1-py3-none-any.whl": {
      "type": "sha256",
      "value": "a59e362652f08dcd477c78bb6e7bd9d80a7995bc73ce773050228a348ce2e5bb"
    }
  },
  "git_refs": {
    "https://github.com/robusta-dev/krr": {
      "v1.28.0": "4c03971692f29e41103e762216fbe399c43ee551"
    }
  }
}
