{
  "dependencies": {},
  "downloads": {
    "https://files.pythonhosted.org/packages/50/36/e0703d73bc9f89b95014173c9c7754816630a3282f2727637de5b076e5e4/poetry_core-2.4.1-py3-none-any.whl": {
      "type": "sha256",
      "value": "acf06f9537cd2625bdaec926d95d90b557ba15353bc71d27a3a8a441042b5316"
    },
    "https://files.pythonhosted.org/packages/5d/40/e1e72872c6354b306daef1703549e8e83b4d43cfea356311bf722a043752/setuptools-83.0.0-py3-none-any.whl": {
      "type": "sha256",
      "value": "29b23c360f22f414dc7336bb39178cc7bcbf6021ed2733cde173f09dba19abb3"
    }
  },
  "git_refs": {
    "https://github.com/robusta-dev/krr": {
      "v1.28.0": "4c03971692f29e41103e762216fbe399c43ee551"
    }
  }
}
